Microsoft Visual Studio Solution File, Format Version 11.00
# Visual Studio 2010
Project("{8BC9CEB8-8B4A-11D0-8D11-00A0C91BC942}") = "ALL_BUILD", "ALL_BUILD.vcxproj", "{75BCB4E8-135D-4D74-B96B-18982768434B}"
	ProjectSection(ProjectDependencies) = postProject
		{263D3F94-A832-428A-A951-77D14C7AA8BB} = {263D3F94-A832-428A-A951-77D14C7AA8BB}
		{3989C0BA-A6AA-4800-801B-20CB59288969} = {3989C0BA-A6AA-4800-801B-20CB59288969}
		{D1DF68F8-FAFB-4F06-8EE0-9329687304DE} = {D1DF68F8-FAFB-4F06-8EE0-9329687304DE}
		{3BFE6CC1-D9AC-4D5D-99EA-1E220697D86C} = {3BFE6CC1-D9AC-4D5D-99EA-1E220697D86C}
		{F2065AAB-6761-467E-8F98-A5EA63DD7D50} = {F2065AAB-6761-467E-8F98-A5EA63DD7D50}
		{F903DFA1-2F74-436B-B3F0-055A4EDA797E} = {F903DFA1-2F74-436B-B3F0-055A4EDA797E}
	EndProjectSection
EndProject
Project("{8BC9CEB8-8B4A-11D0-8D11-00A0C91BC942}") = "LKTracker", "LKTracker.vcxproj", "{263D3F94-A832-428A-A951-77D14C7AA8BB}"
	ProjectSection(ProjectDependencies) = postProject
		{3989C0BA-A6AA-4800-801B-20CB59288969} = {3989C0BA-A6AA-4800-801B-20CB59288969}
	EndProjectSection
EndProject
Project("{8BC9CEB8-8B4A-11D0-8D11-00A0C91BC942}") = "ZERO_CHECK", "ZERO_CHECK.vcxproj", "{3989C0BA-A6AA-4800-801B-20CB59288969}"
	ProjectSection(ProjectDependencies) = postProject
	EndProjectSection
EndProject
Project("{8BC9CEB8-8B4A-11D0-8D11-00A0C91BC942}") = "ferNN", "ferNN.vcxproj", "{D1DF68F8-FAFB-4F06-8EE0-9329687304DE}"
	ProjectSection(ProjectDependencies) = postProject
		{3989C0BA-A6AA-4800-801B-20CB59288969} = {3989C0BA-A6AA-4800-801B-20CB59288969}
	EndProjectSection
EndProject
Project("{8BC9CEB8-8B4A-11D0-8D11-00A0C91BC942}") = "run_tld", "run_tld.vcxproj", "{3BFE6CC1-D9AC-4D5D-99EA-1E220697D86C}"
	ProjectSection(ProjectDependencies) = postProject
		{263D3F94-A832-428A-A951-77D14C7AA8BB} = {263D3F94-A832-428A-A951-77D14C7AA8BB}
		{3989C0BA-A6AA-4800-801B-20CB59288969} = {3989C0BA-A6AA-4800-801B-20CB59288969}
		{D1DF68F8-FAFB-4F06-8EE0-9329687304DE} = {D1DF68F8-FAFB-4F06-8EE0-9329687304DE}
		{F2065AAB-6761-467E-8F98-A5EA63DD7D50} = {F2065AAB-6761-467E-8F98-A5EA63DD7D50}
		{F903DFA1-2F74-436B-B3F0-055A4EDA797E} = {F903DFA1-2F74-436B-B3F0-055A4EDA797E}
	EndProjectSection
EndProject
Project("{8BC9CEB8-8B4A-11D0-8D11-00A0C91BC942}") = "tld", "tld.vcxproj", "{F2065AAB-6761-467E-8F98-A5EA63DD7D50}"
	ProjectSection(ProjectDependencies) = postProject
		{3989C0BA-A6AA-4800-801B-20CB59288969} = {3989C0BA-A6AA-4800-801B-20CB59288969}
	EndProjectSection
EndProject
Project("{8BC9CEB8-8B4A-11D0-8D11-00A0C91BC942}") = "tld_utils", "tld_utils.vcxproj", "{F903DFA1-2F74-436B-B3F0-055A4EDA797E}"
	ProjectSection(ProjectDependencies) = postProject
		{3989C0BA-A6AA-4800-801B-20CB59288969} = {3989C0BA-A6AA-4800-801B-20CB59288969}
	EndProjectSection
EndProject
Global
	GlobalSection(SolutionConfigurationPlatforms) = preSolution
		Debug|Win32 = Debug|Win32
		Release|Win32 = Release|Win32
	EndGlobalSection
	GlobalSection(ProjectConfigurationPlatforms) = postSolution
		{75BCB4E8-135D-4D74-B96B-18982768434B}.Debug|Win32.ActiveCfg = Debug|Win32
		{75BCB4E8-135D-4D74-B96B-18982768434B}.Release|Win32.ActiveCfg = Release|Win32
		{263D3F94-A832-428A-A951-77D14C7AA8BB}.Debug|Win32.ActiveCfg = Debug|Win32
		{263D3F94-A832-428A-A951-77D14C7AA8BB}.Debug|Win32.Build.0 = Debug|Win32
		{263D3F94-A832-428A-A951-77D14C7AA8BB}.Release|Win32.ActiveCfg = Release|Win32
		{263D3F94-A832-428A-A951-77D14C7AA8BB}.Release|Win32.Build.0 = Release|Win32
		{3989C0BA-A6AA-4800-801B-20CB59288969}.Debug|Win32.ActiveCfg = Debug|Win32
		{3989C0BA-A6AA-4800-801B-20CB59288969}.Debug|Win32.Build.0 = Debug|Win32
		{3989C0BA-A6AA-4800-801B-20CB59288969}.Release|Win32.ActiveCfg = Release|Win32
		{3989C0BA-A6AA-4800-801B-20CB59288969}.Release|Win32.Build.0 = Release|Win32
		{D1DF68F8-FAFB-4F06-8EE0-9329687304DE}.Debug|Win32.ActiveCfg = Debug|Win32
		{D1DF68F8-FAFB-4F06-8EE0-9329687304DE}.Debug|Win32.Build.0 = Debug|Win32
		{D1DF68F8-FAFB-4F06-8EE0-9329687304DE}.Release|Win32.ActiveCfg = Release|Win32
		{D1DF68F8-FAFB-4F06-8EE0-9329687304DE}.Release|Win32.Build.0 = Release|Win32
		{3BFE6CC1-D9AC-4D5D-99EA-1E220697D86C}.Debug|Win32.ActiveCfg = Debug|Win32
		{3BFE6CC1-D9AC-4D5D-99EA-1E220697D86C}.Debug|Win32.Build.0 = Debug|Win32
		{3BFE6CC1-D9AC-4D5D-99EA-1E220697D86C}.Release|Win32.ActiveCfg = Release|Win32
		{3BFE6CC1-D9AC-4D5D-99EA-1E220697D86C}.Release|Win32.Build.0 = Release|Win32
		{F2065AAB-6761-467E-8F98-A5EA63DD7D50}.Debug|Win32.ActiveCfg = Debug|Win32
		{F2065AAB-6761-467E-8F98-A5EA63DD7D50}.Debug|Win32.Build.0 = Debug|Win32
		{F2065AAB-6761-467E-8F98-A5EA63DD7D50}.Release|Win32.ActiveCfg = Release|Win32
		{F2065AAB-6761-467E-8F98-A5EA63DD7D50}.Release|Win32.Build.0 = Release|Win32
		{F903DFA1-2F74-436B-B3F0-055A4EDA797E}.Debug|Win32.ActiveCfg = Debug|Win32
		{F903DFA1-2F74-436B-B3F0-055A4EDA797E}.Debug|Win32.Build.0 = Debug|Win32
		{F903DFA1-2F74-436B-B3F0-055A4EDA797E}.Release|Win32.ActiveCfg = Release|Win32
		{F903DFA1-2F74-436B-B3F0-055A4EDA797E}.Release|Win32.Build.0 = Release|Win32
	EndGlobalSection
	GlobalSection(ExtensibilityGlobals) = postSolution
	EndGlobalSection
	GlobalSection(ExtensibilityAddIns) = postSolution
	EndGlobalSection
EndGlobal
